
Microsoft Visual Studio Solution File, Format Version 12.00
# Visual Studio Version 16
VisualStudioVersion = 16.0.31624.102
MinimumVisualStudioVersion = 10.0.40219.1
Project("{FAE04EC0-301F-11D3-BF4B-00C04F79EFBC}") = "P2", "P2.csproj", "{77FB0A86-EB3C-4CEC-BC4C-7C56AA1B36F7}"
EndProject
Global
	GlobalSection(SolutionConfigurationPlatforms) = preSolution
		Debug|Any CPU = Debug|Any CPU
		Release|Any CPU = Release|Any CPU
	EndGlobalSection
	GlobalSection(ProjectConfigurationPlatforms) = postSolution
		{77FB0A86-EB3C-4CEC-BC4C-7C56AA1B36F7}.Debug|Any CPU.ActiveCfg = Debug|Any CPU
		{77FB0A86-EB3C-4CEC-BC4C-7C56AA1B36F7}.Debug|Any CPU.Build.0 = Debug|Any CPU
		{77FB0A86-EB3C-4CEC-BC4C-7C56AA1B36F7}.Release|Any CPU.ActiveCfg = Release|Any CPU
		{77FB0A86-EB3C-4CEC-BC4C-7C56AA1B36F7}.Release|Any CPU.Build.0 = Release|Any CPU
	EndGlobalSection
	GlobalSection(SolutionProperties) = preSolution
		HideSolutionNode = FALSE
	EndGlobalSection
	GlobalSection(ExtensibilityGlobals) = postSolution
		SolutionGuid = {31005270-A3FE-455C-A7C5-1214D321C73C}
	EndGlobalSection
EndGlobal
